// !$*UTF8*$!
{
	archiveVersion = 1;
	classes = {
	};
	objectVersion = 46;
	objects = {

/* Begin PBXBuildFile section */
		125C26D51CF90C13008D8056 /* main.m in Sources */ = {isa = PBXBuildFile; fileRef = 125C26D41CF90C13008D8056 /* main.m */; };
		125C26D81CF90C13008D8056 /* AppDelegate.m in Sources */ = {isa = PBXBuildFile; fileRef = 125C26D71CF90C13008D8056 /* AppDelegate.m */; };
		125C26DB1CF90C13008D8056 /* ViewController.m in Sources */ = {isa = PBXBuildFile; fileRef = 125C26DA1CF90C13008D8056 /* ViewController.m */; };
		125C26DE1CF90C13008D8056 /* Main.storyboard in Resources */ = {isa = PBXBuildFile; fileRef = 125C26DC1CF90C13008D8056 /* Main.storyboard */; };
		125C26E01CF90C13008D8056 /* Assets.xcassets in Resources */ = {isa = PBXBuildFile; fileRef = 125C26DF1CF90C13008D8056 /* Assets.xcassets */; };
		125C26E31CF90C13008D8056 /* LaunchScreen.storyboard in Resources */ = {isa = PBXBuildFile; fileRef = 125C26E11CF90C13008D8056 /* LaunchScreen.storyboard */; };
/* End PBXBuildFile section */

/* Begin PBXFileReference section */
		125C26D01CF90C13008D8056 /* Github-Trial.app */ = {isa = PBXFileReference; explicitFileType = wrapper.application; includeInIndex = 0; path = "Github-Trial.app"; sourceTree = BUILT_PRODUCTS_DIR; };
		125C26D41CF90C13008D8056 /* main.m */ = {isa = PBXFileReference; lastKnownFileType = sourcecode.c.objc; path = main.m; sourceTree = "<group>"; };
		125C26D61CF90C13008D8056 /* AppDelegate.h */ = {isa = PBXFileReference; lastKnownFileType = sourcecode.c.h; path = AppDelegate.h; sourceTree = "<group>"; };
		125C26D71CF90C13008D8056 /* AppDelegate.m */ = {isa = PBXFileReference; lastKnownFileType = sourcecode.c.objc; path = AppDelegate.m; sourceTree = "<group>"; };
		125C26D91CF90C13008D8056 /* ViewController.h */ = {isa = PBXFileReference; lastKnownFileType = sourcecode.c.h; path = ViewController.h; sourceTree = "<group>"; };
		125C26DA1CF90C13008D8056 /* ViewController.m */ = {isa = PBXFileReference; lastKnownFileType = sourcecode.c.objc; path = ViewController.m; sourceTree = "<group>"; };
		125C26DD1CF90C13008D8056 /* Base */ = {isa = PBXFileReference; lastKnownFileType = file.storyboard; name = Base; path = Base.lproj/Main.storyboard; sourceTree = "<group>"; };
		125C26DF1CF90C13008D8056 /* Assets.xcassets */ = {isa = PBXFileReference; lastKnownFileType = folder.assetcatalog; path = Assets.xcassets; sourceTree = "<group>"; };
		125C26E21CF90C13008D8056 /* Base */ = {isa = PBXFileReference; lastKnownFileType = file.storyboard; name = Base; path = Base.lproj/LaunchScreen.storyboard; sourceTree = "<group>"; };
		125C26E41CF90C13008D8056 /* Info.plist */ = {isa = PBXFileReference; lastKnownFileType = text.plist.xml; path = Info.plist; sourceTree = "<group>"; };
/* End PBXFileReference section */

/* Begin PBXFrameworksBuildPhase section */
		125C26CD1CF90C13008D8056 /* Frameworks */ = {
			isa = PBXFrameworksBuildPhase;
			buildActionMask = 2147483647;
			files = (
			);
			runOnlyForDeploymentPostprocessing = 0;
		};
/* End PBXFrameworksBuildPhase section */

/* Begin PBXGroup section */
		125C26C71CF90C13008D8056 = {
			isa = PBXGroup;
			children = (
				125C26D21CF90C13008D8056 /* Github-Trial */,
				125C26D11CF90C13008D8056 /* Products */,
			);
			sourceTree = "<group>";
		};
		125C26D11CF90C13008D8056 /* Products */ = {
			isa = PBXGroup;
			children = (
				125C26D01CF90C13008D8056 /* Github-Trial.app */,
			);
			name = Products;
			sourceTree = "<group>";
		};
		125C26D21CF90C13008D8056 /* Github-Trial */ = {
			isa = PBXGroup;
			children = (
				125C26D61CF90C13008D8056 /* AppDelegate.h */,
				125C26D71CF90C13008D8056 /* AppDelegate.m */,
				125C26D91CF90C13008D8056 /* ViewController.h */,
				125C26DA1CF90C13008D8056 /* ViewController.m */,
				125C26DC1CF90C13008D8056 /* Main.storyboard */,
				125C26DF1CF90C13008D8056 /* Assets.xcassets */,
				125C26E11CF90C13008D8056 /* LaunchScreen.storyboard */,
				125C26E41CF90C13008D8056 /* Info.plist */,
				125C26D31CF90C13008D8056 /* Supporting Files */,
			);
			path = "Github-Trial";
			sourceTree = "<group>";
		};
		125C26D31CF90C13008D8056 /* Supporting Files */ = {
			isa = PBXGroup;
			children = (
				125C26D41CF90C13008D8056 /* main.m */,
			);
			name = "Supporting Files";
			sourceTree = "<group>";
		};
/* End PBXGroup section */

/* Begin PBXNativeTarget section */
		125C26CF1CF90C13008D8056 /* Github-Trial */ = {
			isa = PBXNativeTarget;
			buildConfigurationList = 125C26E71CF90C13008D8056 /* Build configuration list for PBXNativeTarget "Github-Trial" */;
			buildPhases = (
				125C26CC1CF90C13008D8056 /* Sources */,
				125C26CD1CF90C13008D8056 /* Frameworks */,
				125C26CE1CF90C13008D8056 /* Resources */,
			);
			buildRules = (
			);
			dependencies = (
			);
			name = "Github-Trial";
			productName = "Github-Trial";
			productReference = 125C26D01CF90C13008D8056 /* Github-Trial.app */;
			productType = "com.apple.product-type.application";
		};
/* End PBXNativeTarget section */

/* Begin PBXProject section */
		125C26C81CF90C13008D8056 /* Project object */ = {
			isa = PBXProject;
			attributes = {
				LastUpgradeCheck = 0730;
				ORGANIZATIONNAME = "Daniel Mathews";
				TargetAttributes = {
					125C26CF1CF90C13008D8056 = {
						CreatedOnToolsVersion = 7.3.1;
					};
				};
			};
			buildConfigurationList = 125C26CB1CF90C13008D8056 /* Build configuration list for PBXProject "Github-Trial" */;
			compatibilityVersion = "Xcode 3.2";
			developmentRegion = English;
			hasScannedForEncodings = 0;
			knownRegions = (
				en,
				Base,
			);
			mainGroup = 125C26C71CF90C13008D8056;
			productRefGroup = 125C26D11CF90C13008D8056 /* Products */;
			projectDirPath = "";
			projectRoot = "";
			targets = (
				125C26CF1CF90C13008D8056 /* Github-Trial */,
			);
		};
/* End PBXProject section */

/* Begin PBXResourcesBuildPhase section */
		125C26CE1CF90C13008D8056 /* Resources */ = {
			isa = PBXResourcesBuildPhase;
			buildActionMask = 2147483647;
			files = (
				125C26E31CF90C13008D8056 /* LaunchScreen.storyboard in Resources */,
				125C26E01CF90C13008D8056 /* Assets.xcassets in Resources */,
				125C26DE1CF90C13008D8056 /* Main.storyboard in Resources */,
			);
			runOnlyForDeploymentPostprocessing = 0;
		};
/* End PBXResourcesBuildPhase section */

/* Begin PBXSourcesBuildPhase section */
		125C26CC1CF90C13008D8056 /* Sources */ = {
			isa = PBXSourcesBuildPhase;
			buildActionMask = 2147483647;
			files = (
				125C26DB1CF90C13008D8056 /* ViewController.m in Sources */,
				125C26D81CF90C13008D8056 /* AppDelegate.m in Sources */,
				125C26D51CF90C13008D8056 /* main.m in Sources */,
			);
			runOnlyForDeploymentPostprocessing = 0;
		};
/* End PBXSourcesBuildPhase section */

/* Begin PBXVariantGroup section */
		125C26DC1CF90C13008D8056 /* Main.storyboard */ = {
			isa = PBXVariantGroup;
			children = (
				125C26DD1CF90C13008D8056 /* Base */,
			);
			name = Main.storyboard;
			sourceTree = "<group>";
		};
		125C26E11CF90C13008D8056 /* LaunchScreen.storyboard */ = {
			isa = PBXVariantGroup;
			children = (
				125C26E21CF90C13008D8056 /* Base */,
			);
			name = LaunchScreen.storyboard;
			sourceTree = "<group>";
		};
/* End PBXVariantGroup section */

/* Begin XCBuildConfiguration section */
		125C26E51CF90C13008D8056 /* Debug */ = {
			isa = XCBuildConfiguration;
			buildSettings = {
				ALWAYS_SEARCH_USER_PATHS = NO;
				CLANG_ANALYZER_NONNULL = YES;
				CLANG_CXX_LANGUAGE_STANDARD = "gnu++0x";
				CLANG_CXX_LIBRARY = "libc++";
				CLANG_ENABLE_MODULES = YES;
				CLANG_ENABLE_OBJC_ARC = YES;
				CLANG_WARN_BOOL_CONVERSION = YES;
				CLANG_WARN_CONSTANT_CONVERSION = YES;
				CLANG_WARN_DIRECT_OBJC_ISA_USAGE = YES_ERROR;
				CLANG_WARN_EMPTY_BODY = YES;
				CLANG_WARN_ENUM_CONVERSION = YES;
				CLANG_WARN_INT_CONVERSION = YES;
				CLANG_WARN_OBJC_ROOT_CLASS = YES_ERROR;
				CLANG_WARN_UNREACHABLE_CODE = YES;
				CLANG_WARN__DUPLICATE_METHOD_MATCH = YES;
				"CODE_SIGN_IDENTITY[sdk=iphoneos*]" = "iPhone Developer";
				COPY_PHASE_STRIP = NO;
				DEBUG_INFORMATION_FORMAT = dwarf;
				ENABLE_STRICT_OBJC_MSGSEND = YES;
				ENABLE_TESTABILITY = YES;
				GCC_C_LANGUAGE_STANDARD = gnu99;
				GCC_DYNAMIC_NO_PIC = NO;
				GCC_NO_COMMON_BLOCKS = YES;
				GCC_OPTIMIZATION_LEVEL = 0;
				GCC_PREPROCESSOR_DEFINITIONS = (
					"DEBUG=1",
					"$(inherited)",
				);
				GCC_WARN_64_TO_32_BIT_CONVERSION = YES;
				GCC_WARN_ABOUT_RETURN_TYPE = YES_ERROR;
				GCC_WARN_UNDECLARED_SELECTOR = YES;
				GCC_WARN_UNINITIALIZED_AUTOS = YES_AGGRESSIVE;
				GCC_WARN_UNUSED_FUNCTION = YES;
				GCC_WARN_UNUSED_VARIABLE = YES;
				IPHONEOS_DEPLOYMENT_TARGET = 9.3;
				MTL_ENABLE_DEBUG_INFO = YES;
				ONLY_ACTIVE_ARCH = YES;
				SDKROOT = iphoneos;
				TARGETED_DEVICE_FAMILY = "1,2";
			};
			name = Debug;
		};
		125C26E61CF90C13008D8056 /* Release */ = {
			isa = XCBuildConfiguration;
			buildSettings = {
				ALWAYS_SEARCH_USER_PATHS = NO;
				CLANG_ANALYZER_NONNULL = YES;
				CLANG_CXX_LANGUAGE_STANDARD = "gnu++0x";
				CLANG_CXX_LIBRARY = "libc++";
				CLANG_ENABLE_MODULES = YES;
				CLANG_ENABLE_OBJC_ARC = YES;
				CLANG_WARN_BOOL_CONVERSION = YES;
				CLANG_WARN_CONSTANT_CONVERSION = YES;
				CLANG_WARN_DIRECT_OBJC_ISA_USAGE = YES_ERROR;
				CLANG_WARN_EMPTY_BODY = YES;
				CLANG_WARN_ENUM_CONVERSION = YES;
				CLANG_WARN_INT_CONVERSION = YES;
				CLANG_WARN_OBJC_ROOT_CLASS = YES_ERROR;
				CLANG_WARN_UNREACHABLE_CODE = YES;
				CLANG_WARN__DUPLICATE_METHOD_MATCH = YES;
				"CODE_SIGN_IDENTITY[sdk=iphoneos*]" = "iPhone Developer";
				COPY_PHASE_STRIP = NO;
				DEBUG_INFORMATION_FORMAT = "dwarf-with-dsym";
				ENABLE_NS_ASSERTIONS = NO;
				ENABLE_STRICT_OBJC_MSGSEND = YES;
				GCC_C_LANGUAGE_STANDARD = gnu99;
				GCC_NO_COMMON_BLOCKS = YES;
				GCC_WARN_64_TO_32_BIT_CONVERSION = YES;
				GCC_WARN_ABOUT_RETURN_TYPE = YES_ERROR;
				GCC_WARN_UNDECLARED_SELECTOR = YES;
				GCC_WARN_UNINITIALIZED_AUTOS = YES_AGGRESSIVE;
				GCC_WARN_UNUSED_FUNCTION = YES;
				GCC_WARN_UNUSED_VARIABLE = YES;
				IPHONEOS_DEPLOYMENT_TARGET = 9.3;
				MTL_ENABLE_DEBUG_INFO = NO;
				SDKROOT = iphoneos;
				TARGETED_DEVICE_FAMILY = "1,2";
				VALIDATE_PRODUCT = YES;
			};
			name = Release;
		};
		125C26E81CF90C13008D8056 /* Debug */ = {
			isa = XCBuildConfiguration;
			buildSettings = {
				ASSETCATALOG_COMPILER_APPICON_NAME = AppIcon;
				INFOPLIST_FILE = "Github-Trial/Info.plist";
				LD_RUNPATH_SEARCH_PATHS = "$(inherited) @executable_path/Frameworks";
				PRODUCT_BUNDLE_IDENTIFIER = "com.toysinboxes.Github-Trial";
				PRODUCT_NAME = "$(TARGET_NAME)";
			};
			name = Debug;
		};
		125C26E91CF90C13008D8056 /* Release */ = {
			isa = XCBuildConfiguration;
			buildSettings = {
				ASSETCATALOG_COMPILER_APPICON_NAME = AppIcon;
				INFOPLIST_FILE = "Github-Trial/Info.plist";
				LD_RUNPATH_SEARCH_PATHS = "$(inherited) @executable_path/Frameworks";
				PRODUCT_BUNDLE_IDENTIFIER = "com.toysinboxes.Github-Trial";
				PRODUCT_NAME = "$(TARGET_NAME)";
			};
			name = Release;
		};
/* End XCBuildConfiguration section */

/* Begin XCConfigurationList section */
		125C26CB1CF90C13008D8056 /* Build configuration list for PBXProject "Github-Trial" */ = {
			isa = XCConfigurationList;
			buildConfigurations = (
				125C26E51CF90C13008D8056 /* Debug */,
				125C26E61CF90C13008D8056 /* Release */,
			);
			defaultConfigurationIsVisible = 0;
			defaultConfigurationName = Release;
		};
		125C26E71CF90C13008D8056 /* Build configuration list for PBXNativeTarget "Github-Trial" */ = {
			isa = XCConfigurationList;
			buildConfigurations = (
				125C26E81CF90C13008D8056 /* Debug */,
				125C26E91CF90C13008D8056 /* Release */,
			);
			defaultConfigurationIsVisible = 0;
		};
/* End XCConfigurationList section */
	};
	rootObject = 125C26C81CF90C13008D8056 /* Project object */;
}
